
Microsoft Visual Studio Solution File, Format Version 12.00
# Visual Studio Version 16
VisualStudioVersion = 25.0.1703.3
MinimumVisualStudioVersion = 10.0.40219.1
Project("{FAE04EC0-301F-11D3-BF4B-00C04F79EFBC}") = "p1_ej6", "p1_ej6\p1_ej6.csproj", "{B0588930-C9CE-4C68-8BF4-BCFC4BFB850E}"
EndProject
Global
	GlobalSection(SolutionConfigurationPlatforms) = preSolution
		Debug|Any CPU = Debug|Any CPU
		Release|Any CPU = Release|Any CPU
	EndGlobalSection
	GlobalSection(ProjectConfigurationPlatforms) = postSolution
		{B0588930-C9CE-4C68-8BF4-BCFC4BFB850E}.Debug|Any CPU.ActiveCfg = Debug|Any CPU
		{B0588930-C9CE-4C68-8BF4-BCFC4BFB850E}.Debug|Any CPU.Build.0 = Debug|Any CPU
		{B0588930-C9CE-4C68-8BF4-BCFC4BFB850E}.Release|Any CPU.ActiveCfg = Release|Any CPU
		{B0588930-C9CE-4C68-8BF4-BCFC4BFB850E}.Release|Any CPU.Build.0 = Release|Any CPU
	EndGlobalSection
	GlobalSection(SolutionProperties) = preSolution
		HideSolutionNode = FALSE
	EndGlobalSection
	GlobalSection(ExtensibilityGlobals) = postSolution
		SolutionGuid = {926F9744-14E6-498B-A9CE-AC3E32279793}
	EndGlobalSection
EndGlobal
