
Microsoft Visual Studio Solution File, Format Version 12.00
# Visual Studio Version 16
VisualStudioVersion = 25.0.1703.3
MinimumVisualStudioVersion = 10.0.40219.1
Project("{FAE04EC0-301F-11D3-BF4B-00C04F79EFBC}") = "p1_ej7", "p1_ej7\p1_ej7.csproj", "{BE5D9C45-EA93-4EC4-A0A9-00E39253A665}"
EndProject
Global
	GlobalSection(SolutionConfigurationPlatforms) = preSolution
		Debug|Any CPU = Debug|Any CPU
		Release|Any CPU = Release|Any CPU
	EndGlobalSection
	GlobalSection(ProjectConfigurationPlatforms) = postSolution
		{BE5D9C45-EA93-4EC4-A0A9-00E39253A665}.Debug|Any CPU.ActiveCfg = Debug|Any CPU
		{BE5D9C45-EA93-4EC4-A0A9-00E39253A665}.Debug|Any CPU.Build.0 = Debug|Any CPU
		{BE5D9C45-EA93-4EC4-A0A9-00E39253A665}.Release|Any CPU.ActiveCfg = Release|Any CPU
		{BE5D9C45-EA93-4EC4-A0A9-00E39253A665}.Release|Any CPU.Build.0 = Release|Any CPU
	EndGlobalSection
	GlobalSection(SolutionProperties) = preSolution
		HideSolutionNode = FALSE
	EndGlobalSection
	GlobalSection(ExtensibilityGlobals) = postSolution
		SolutionGuid = {BE8698E2-240B-4FA7-A460-522A84F454E3}
	EndGlobalSection
EndGlobal
