
Microsoft Visual Studio Solution File, Format Version 12.00
# Visual Studio Version 16
VisualStudioVersion = 25.0.1703.3
MinimumVisualStudioVersion = 10.0.40219.1
Project("{FAE04EC0-301F-11D3-BF4B-00C04F79EFBC}") = "p1_ej5", "p1_ej5\p1_ej5.csproj", "{81F92346-A187-4185-948D-2605529CB156}"
EndProject
Global
	GlobalSection(SolutionConfigurationPlatforms) = preSolution
		Debug|Any CPU = Debug|Any CPU
		Release|Any CPU = Release|Any CPU
	EndGlobalSection
	GlobalSection(ProjectConfigurationPlatforms) = postSolution
		{81F92346-A187-4185-948D-2605529CB156}.Debug|Any CPU.ActiveCfg = Debug|Any CPU
		{81F92346-A187-4185-948D-2605529CB156}.Debug|Any CPU.Build.0 = Debug|Any CPU
		{81F92346-A187-4185-948D-2605529CB156}.Release|Any CPU.ActiveCfg = Release|Any CPU
		{81F92346-A187-4185-948D-2605529CB156}.Release|Any CPU.Build.0 = Release|Any CPU
	EndGlobalSection
	GlobalSection(SolutionProperties) = preSolution
		HideSolutionNode = FALSE
	EndGlobalSection
	GlobalSection(ExtensibilityGlobals) = postSolution
		SolutionGuid = {452293E9-CD7F-411C-9402-B61583E88763}
	EndGlobalSection
EndGlobal
